
Microsoft Visual Studio Solution File, Format Version 12.00
# Visual Studio Version 17
VisualStudioVersion = 17.11.35312.102
MinimumVisualStudioVersion = 10.0.40219.1
Project("{FAE04EC0-301F-11D3-BF4B-00C04F79EFBC}") = "capaLogica", "capaLogica\capaLogica.csproj", "{41B62238-3624-4183-A010-2BBF7F424778}"
EndProject
Project("{FAE04EC0-301F-11D3-BF4B-00C04F79EFBC}") = "capaPersitencia", "capaPersitencia\capaPersitencia.csproj", "{C2EBA991-11FE-42F9-BFC9-2893E8ABB0D3}"
EndProject
Project("{FAE04EC0-301F-11D3-BF4B-00C04F79EFBC}") = "capaPresentacion", "WindowsFormsApp1\capaPresentacion.csproj", "{C52E3487-7014-4F5D-9488-0B991984A9E2}"
EndProject
Global
	GlobalSection(SolutionConfigurationPlatforms) = preSolution
		Debug|Any CPU = Debug|Any CPU
		Release|Any CPU = Release|Any CPU
	EndGlobalSection
	GlobalSection(ProjectConfigurationPlatforms) = postSolution
		{41B62238-3624-4183-A010-2BBF7F424778}.Debug|Any CPU.ActiveCfg = Debug|Any CPU
		{41B62238-3624-4183-A010-2BBF7F424778}.Debug|Any CPU.Build.0 = Debug|Any CPU
		{41B62238-3624-4183-A010-2BBF7F424778}.Release|Any CPU.ActiveCfg = Release|Any CPU
		{41B62238-3624-4183-A010-2BBF7F424778}.Release|Any CPU.Build.0 = Release|Any CPU
		{C2EBA991-11FE-42F9-BFC9-2893E8ABB0D3}.Debug|Any CPU.ActiveCfg = Debug|Any CPU
		{C2EBA991-11FE-42F9-BFC9-2893E8ABB0D3}.Debug|Any CPU.Build.0 = Debug|Any CPU
		{C2EBA991-11FE-42F9-BFC9-2893E8ABB0D3}.Release|Any CPU.ActiveCfg = Release|Any CPU
		{C2EBA991-11FE-42F9-BFC9-2893E8ABB0D3}.Release|Any CPU.Build.0 = Release|Any CPU
		{C52E3487-7014-4F5D-9488-0B991984A9E2}.Debug|Any CPU.ActiveCfg = Debug|Any CPU
		{C52E3487-7014-4F5D-9488-0B991984A9E2}.Debug|Any CPU.Build.0 = Debug|Any CPU
		{C52E3487-7014-4F5D-9488-0B991984A9E2}.Release|Any CPU.ActiveCfg = Release|Any CPU
		{C52E3487-7014-4F5D-9488-0B991984A9E2}.Release|Any CPU.Build.0 = Release|Any CPU
	EndGlobalSection
	GlobalSection(SolutionProperties) = preSolution
		HideSolutionNode = FALSE
	EndGlobalSection
	GlobalSection(ExtensibilityGlobals) = postSolution
		SolutionGuid = {21A1AF81-7199-4A82-86B3-E8E8D8994C05}
	EndGlobalSection
EndGlobal
